
Microsoft Visual Studio Solution File, Format Version 12.00
# Visual Studio Version 16
VisualStudioVersion = 16.0.31727.386
MinimumVisualStudioVersion = 10.0.40219.1
Project("{FAE04EC0-301F-11D3-BF4B-00C04F79EFBC}") = "smsDashboard", "smsDashboard.csproj", "{A703E570-801D-4030-993A-F31A51E44388}"
EndProject
Project("{FAE04EC0-301F-11D3-BF4B-00C04F79EFBC}") = "DataLibrary", "..\DataLibrary\DataLibrary.csproj", "{55319951-83F3-4675-8766-165668997BD4}"
EndProject
Global
	GlobalSection(SolutionConfigurationPlatforms) = preSolution
		Debug|Any CPU = Debug|Any CPU
		Release|Any CPU = Release|Any CPU
	EndGlobalSection
	GlobalSection(ProjectConfigurationPlatforms) = postSolution
		{A703E570-801D-4030-993A-F31A51E44388}.Debug|Any CPU.ActiveCfg = Debug|Any CPU
		{A703E570-801D-4030-993A-F31A51E44388}.Debug|Any CPU.Build.0 = Debug|Any CPU
		{A703E570-801D-4030-993A-F31A51E44388}.Release|Any CPU.ActiveCfg = Release|Any CPU
		{A703E570-801D-4030-993A-F31A51E44388}.Release|Any CPU.Build.0 = Release|Any CPU
		{55319951-83F3-4675-8766-165668997BD4}.Debug|Any CPU.ActiveCfg = Debug|Any CPU
		{55319951-83F3-4675-8766-165668997BD4}.Debug|Any CPU.Build.0 = Debug|Any CPU
		{55319951-83F3-4675-8766-165668997BD4}.Release|Any CPU.ActiveCfg = Release|Any CPU
		{55319951-83F3-4675-8766-165668997BD4}.Release|Any CPU.Build.0 = Release|Any CPU
	EndGlobalSection
	GlobalSection(SolutionProperties) = preSolution
		HideSolutionNode = FALSE
	EndGlobalSection
	GlobalSection(ExtensibilityGlobals) = postSolution
		SolutionGuid = {E9F6A56B-E69A-4EF6-BBCD-A457F64D1721}
	EndGlobalSection
EndGlobal
